
Microsoft Visual Studio Solution File, Format Version 12.00
# Visual Studio 14
VisualStudioVersion = 14.0.25420.1
MinimumVisualStudioVersion = 10.0.40219.1
Project("{8BC9CEB8-8B4A-11D0-8D11-00A0C91BC942}") = "hoarder", "hoarder.vcxproj", "{4961B9B0-7C59-42AD-A227-EC8196B0A459}"
EndProject
Project("{8BC9CEB8-8B4A-11D0-8D11-00A0C91BC942}") = "getdlls", "..\getdlls\getdlls.vcxproj", "{6E5C557A-44D1-4664-9B08-91F49CC3B839}"
EndProject
Project("{8BC9CEB8-8B4A-11D0-8D11-00A0C91BC942}") = "testbin", "..\testbin\testbin.vcxproj", "{E26D5A26-C96B-4EB9-82DA-FC64AE21C1E4}"
EndProject
Global
	GlobalSection(SolutionConfigurationPlatforms) = preSolution
		Debug|x86 = Debug|x86
		Release|x86 = Release|x86
	EndGlobalSection
	GlobalSection(ProjectConfigurationPlatforms) = postSolution
		{4961B9B0-7C59-42AD-A227-EC8196B0A459}.Debug|x86.ActiveCfg = Debug|Win32
		{4961B9B0-7C59-42AD-A227-EC8196B0A459}.Debug|x86.Build.0 = Debug|Win32
		{4961B9B0-7C59-42AD-A227-EC8196B0A459}.Release|x86.ActiveCfg = Release|Win32
		{4961B9B0-7C59-42AD-A227-EC8196B0A459}.Release|x86.Build.0 = Release|Win32
		{6E5C557A-44D1-4664-9B08-91F49CC3B839}.Debug|x86.ActiveCfg = Debug|Win32
		{6E5C557A-44D1-4664-9B08-91F49CC3B839}.Debug|x86.Build.0 = Debug|Win32
		{6E5C557A-44D1-4664-9B08-91F49CC3B839}.Release|x86.ActiveCfg = Release|Win32
		{6E5C557A-44D1-4664-9B08-91F49CC3B839}.Release|x86.Build.0 = Release|Win32
		{E26D5A26-C96B-4EB9-82DA-FC64AE21C1E4}.Debug|x86.ActiveCfg = Release|Win32
		{E26D5A26-C96B-4EB9-82DA-FC64AE21C1E4}.Debug|x86.Build.0 = Release|Win32
		{E26D5A26-C96B-4EB9-82DA-FC64AE21C1E4}.Release|x86.ActiveCfg = Release|Win32
		{E26D5A26-C96B-4EB9-82DA-FC64AE21C1E4}.Release|x86.Build.0 = Release|Win32
	EndGlobalSection
	GlobalSection(SolutionProperties) = preSolution
		HideSolutionNode = FALSE
	EndGlobalSection
EndGlobal
